
Microsoft Visual Studio Solution File, Format Version 12.00
# Visual Studio Version 16
VisualStudioVersion = 16.0.30523.141
MinimumVisualStudioVersion = 10.0.40219.1
Project("{FAE04EC0-301F-11D3-BF4B-00C04F79EFBC}") = "ArabaÖdev", "ArabaÖdev\ArabaÖdev.csproj", "{9C2C3620-76B0-4F31-A02E-000803DD5BBF}"
EndProject
Global
	GlobalSection(SolutionConfigurationPlatforms) = preSolution
		Debug|Any CPU = Debug|Any CPU
		Release|Any CPU = Release|Any CPU
	EndGlobalSection
	GlobalSection(ProjectConfigurationPlatforms) = postSolution
		{9C2C3620-76B0-4F31-A02E-000803DD5BBF}.Debug|Any CPU.ActiveCfg = Debug|Any CPU
		{9C2C3620-76B0-4F31-A02E-000803DD5BBF}.Debug|Any CPU.Build.0 = Debug|Any CPU
		{9C2C3620-76B0-4F31-A02E-000803DD5BBF}.Release|Any CPU.ActiveCfg = Release|Any CPU
		{9C2C3620-76B0-4F31-A02E-000803DD5BBF}.Release|Any CPU.Build.0 = Release|Any CPU
	EndGlobalSection
	GlobalSection(SolutionProperties) = preSolution
		HideSolutionNode = FALSE
	EndGlobalSection
	GlobalSection(ExtensibilityGlobals) = postSolution
		SolutionGuid = {D70B667E-CC20-4560-B1EB-EE867A0A7429}
	EndGlobalSection
EndGlobal
